// !$*UTF8*$!
{
	archiveVersion = 1;
	classes = {
	};
	objectVersion = 46;
	objects = {

/* Begin PBXBuildFile section */
		8321AAA81EC4B8F600242621 /* NetworkTools.swift in Sources */ = {isa = PBXBuildFile; fileRef = 8321AAA71EC4B8F600242621 /* NetworkTools.swift */; };
		834471901ED3CE990028C330 /* RecommendCycleView.swift in Sources */ = {isa = PBXBuildFile; fileRef = 8344718F1ED3CE990028C330 /* RecommendCycleView.swift */; };
		834471921ED3CEC60028C330 /* RecommendCycleView.xib in Resources */ = {isa = PBXBuildFile; fileRef = 834471911ED3CEC60028C330 /* RecommendCycleView.xib */; };
		8349A7831EDAFE1400E9C4DB /* GameViewController.swift in Sources */ = {isa = PBXBuildFile; fileRef = 8349A7811EDAFE1400E9C4DB /* GameViewController.swift */; };
		8349A7841EDAFE1400E9C4DB /* GameViewController.xib in Resources */ = {isa = PBXBuildFile; fileRef = 8349A7821EDAFE1400E9C4DB /* GameViewController.xib */; };
		8356F8791EC169E700C55163 /* Assets.xcassets in Resources */ = {isa = PBXBuildFile; fileRef = 8356F8781EC169E700C55163 /* Assets.xcassets */; };
		8356F87C1EC169E700C55163 /* LaunchScreen.storyboard in Resources */ = {isa = PBXBuildFile; fileRef = 8356F87A1EC169E700C55163 /* LaunchScreen.storyboard */; };
		8356F8AC1EC192E100C55163 /* AppDelegate.swift in Sources */ = {isa = PBXBuildFile; fileRef = 8356F8AB1EC192E100C55163 /* AppDelegate.swift */; };
		8356F8B71EC199CD00C55163 /* Profile.storyboard in Resources */ = {isa = PBXBuildFile; fileRef = 8356F8B61EC199CD00C55163 /* Profile.storyboard */; };
		8356F8B91EC199E000C55163 /* Live.storyboard in Resources */ = {isa = PBXBuildFile; fileRef = 8356F8B81EC199E000C55163 /* Live.storyboard */; };
		8356F8BD1EC199F500C55163 /* Follow.storyboard in Resources */ = {isa = PBXBuildFile; fileRef = 8356F8BC1EC199F500C55163 /* Follow.storyboard */; };
		8356F8C41EC1A70700C55163 /* Home.storyboard in Resources */ = {isa = PBXBuildFile; fileRef = 8356F8C11EC1A70700C55163 /* Home.storyboard */; };
		8356F8CA1EC1A73000C55163 /* Main.storyboard in Resources */ = {isa = PBXBuildFile; fileRef = 8356F8C61EC1A73000C55163 /* Main.storyboard */; };
		8356F8CB1EC1A73000C55163 /* MainViewController.swift in Sources */ = {isa = PBXBuildFile; fileRef = 8356F8C71EC1A73000C55163 /* MainViewController.swift */; };
		8356F8CD1EC1A7AA00C55163 /* HomeViewController.swift in Sources */ = {isa = PBXBuildFile; fileRef = 8356F8CC1EC1A7AA00C55163 /* HomeViewController.swift */; };
		8356F8D21EC1B51700C55163 /* UIBarButtonItem-Extension.swift in Sources */ = {isa = PBXBuildFile; fileRef = 8356F8D11EC1B51700C55163 /* UIBarButtonItem-Extension.swift */; };
		83589C181EC35EE7003EB19A /* CollectionPrettyCell.swift in Sources */ = {isa = PBXBuildFile; fileRef = 83589C161EC35EE7003EB19A /* CollectionPrettyCell.swift */; };
		83589C191EC35EE7003EB19A /* CollectionPrettyCell.xib in Resources */ = {isa = PBXBuildFile; fileRef = 83589C171EC35EE7003EB19A /* CollectionPrettyCell.xib */; };
		835A484B1EDE6F1300D8B8A6 /* AmuseViewController.swift in Sources */ = {isa = PBXBuildFile; fileRef = 835A484A1EDE6F1300D8B8A6 /* AmuseViewController.swift */; };
		835A484D1EDE745F00D8B8A6 /* AmuseViewModel.swift in Sources */ = {isa = PBXBuildFile; fileRef = 835A484C1EDE745F00D8B8A6 /* AmuseViewModel.swift */; };
		835A48501EDE937900D8B8A6 /* BaseViewModel.swift in Sources */ = {isa = PBXBuildFile; fileRef = 835A484F1EDE937900D8B8A6 /* BaseViewModel.swift */; };
		835A48521EDE96B200D8B8A6 /* BaseAnchorViewController.swift in Sources */ = {isa = PBXBuildFile; fileRef = 835A48511EDE96B200D8B8A6 /* BaseAnchorViewController.swift */; };
		835A48541EDEA5AD00D8B8A6 /* AmuseMenuView.swift in Sources */ = {isa = PBXBuildFile; fileRef = 835A48531EDEA5AD00D8B8A6 /* AmuseMenuView.swift */; };
		835A48561EDEA5C700D8B8A6 /* AmuseMenuView.xib in Resources */ = {isa = PBXBuildFile; fileRef = 835A48551EDEA5C700D8B8A6 /* AmuseMenuView.xib */; };
		835A48591EDEAF0400D8B8A6 /* AmuseMenuViewCell.swift in Sources */ = {isa = PBXBuildFile; fileRef = 835A48571EDEAF0400D8B8A6 /* AmuseMenuViewCell.swift */; };
		835A485A1EDEAF0400D8B8A6 /* AmuseMenuViewCell.xib in Resources */ = {isa = PBXBuildFile; fileRef = 835A48581EDEAF0400D8B8A6 /* AmuseMenuViewCell.xib */; };
		835A485C1EDEBCB700D8B8A6 /* FunnyViewController.swift in Sources */ = {isa = PBXBuildFile; fileRef = 835A485B1EDEBCB700D8B8A6 /* FunnyViewController.swift */; };
		835A485E1EDEC03E00D8B8A6 /* FunnyViewModel.swift in Sources */ = {isa = PBXBuildFile; fileRef = 835A485D1EDEC03E00D8B8A6 /* FunnyViewModel.swift */; };
		837172831ED1D00A00A9F37A /* xuexibiji.swift in Sources */ = {isa = PBXBuildFile; fileRef = 837172821ED1D00A00A9F37A /* xuexibiji.swift */; };
		837172861ED1D8D000A9F37A /* RecommendViewModel.swift in Sources */ = {isa = PBXBuildFile; fileRef = 837172851ED1D8D000A9F37A /* RecommendViewModel.swift */; };
		837172881ED1DF0800A9F37A /* NSDate-Extension.swift in Sources */ = {isa = PBXBuildFile; fileRef = 837172871ED1DF0800A9F37A /* NSDate-Extension.swift */; };
		8371728A1ED1E64900A9F37A /* AnchorGroup.swift in Sources */ = {isa = PBXBuildFile; fileRef = 837172891ED1E64900A9F37A /* AnchorGroup.swift */; };
		8371728C1ED1E90400A9F37A /* AnchorModel.swift in Sources */ = {isa = PBXBuildFile; fileRef = 8371728B1ED1E90400A9F37A /* AnchorModel.swift */; };
		837415141EDB07380086D6A9 /* GameViewModel.swift in Sources */ = {isa = PBXBuildFile; fileRef = 837415131EDB07380086D6A9 /* GameViewModel.swift */; };
		837415161EDB08F80086D6A9 /* GameModel.swift in Sources */ = {isa = PBXBuildFile; fileRef = 837415151EDB08F80086D6A9 /* GameModel.swift */; };
		837415181EDB0A940086D6A9 /* BaseGameModel.swift in Sources */ = {isa = PBXBuildFile; fileRef = 837415171EDB0A940086D6A9 /* BaseGameModel.swift */; };
		837EE65D1EC3095000775A5B /* RecommendViewController.swift in Sources */ = {isa = PBXBuildFile; fileRef = 837EE65C1EC3095000775A5B /* RecommendViewController.swift */; };
		837EE6601EC3182900775A5B /* CollectionHeaderView.swift in Sources */ = {isa = PBXBuildFile; fileRef = 837EE65E1EC3182900775A5B /* CollectionHeaderView.swift */; };
		837EE6611EC3182900775A5B /* CollectionHeaderView.xib in Resources */ = {isa = PBXBuildFile; fileRef = 837EE65F1EC3182900775A5B /* CollectionHeaderView.xib */; };
		837EE6641EC31CD100775A5B /* CollectionViewNormalCell.swift in Sources */ = {isa = PBXBuildFile; fileRef = 837EE6621EC31CD100775A5B /* CollectionViewNormalCell.swift */; };
		837EE6651EC31CD100775A5B /* CollectionViewNormalCell.xib in Resources */ = {isa = PBXBuildFile; fileRef = 837EE6631EC31CD100775A5B /* CollectionViewNormalCell.xib */; };
		83A2804F1ED33D1500476A84 /* CollectionBaseCell.swift in Sources */ = {isa = PBXBuildFile; fileRef = 83A2804E1ED33D1500476A84 /* CollectionBaseCell.swift */; };
		83BA48CC1ED3E8BE009B7AB6 /* CycleModel.swift in Sources */ = {isa = PBXBuildFile; fileRef = 83BA48CB1ED3E8BE009B7AB6 /* CycleModel.swift */; };
		83BA48CF1ED4121B009B7AB6 /* CollectionCycleCell.swift in Sources */ = {isa = PBXBuildFile; fileRef = 83BA48CD1ED4121B009B7AB6 /* CollectionCycleCell.swift */; };
		83BA48D01ED4121B009B7AB6 /* CollectionCycleCell.xib in Resources */ = {isa = PBXBuildFile; fileRef = 83BA48CE1ED4121B009B7AB6 /* CollectionCycleCell.xib */; };
		83BA490E1ED427D0009B7AB6 /* RecommendGameView.swift in Sources */ = {isa = PBXBuildFile; fileRef = 83BA490D1ED427D0009B7AB6 /* RecommendGameView.swift */; };
		83BA49101ED427E5009B7AB6 /* RecommendGameView.xib in Resources */ = {isa = PBXBuildFile; fileRef = 83BA490F1ED427E5009B7AB6 /* RecommendGameView.xib */; };
		83BA49131ED42D12009B7AB6 /* CollectionGameCell.swift in Sources */ = {isa = PBXBuildFile; fileRef = 83BA49111ED42D12009B7AB6 /* CollectionGameCell.swift */; };
		83BA49141ED42D12009B7AB6 /* CollectionGameCell.xib in Resources */ = {isa = PBXBuildFile; fileRef = 83BA49121ED42D12009B7AB6 /* CollectionGameCell.xib */; };
		83D1603B1EC1C054009D22DD /* PageTitleView.swift in Sources */ = {isa = PBXBuildFile; fileRef = 83D1603A1EC1C054009D22DD /* PageTitleView.swift */; };
		83D1603D1EC1C364009D22DD /* Common.swift in Sources */ = {isa = PBXBuildFile; fileRef = 83D1603C1EC1C364009D22DD /* Common.swift */; };
		83D1603F1EC1D178009D22DD /* PageContentView.swift in Sources */ = {isa = PBXBuildFile; fileRef = 83D1603E1EC1D178009D22DD /* PageContentView.swift */; };
		83D160411EC1D501009D22DD /* UIColor-Extension.swift in Sources */ = {isa = PBXBuildFile; fileRef = 83D160401EC1D501009D22DD /* UIColor-Extension.swift */; };
		FC5E74D024BB61EC757C91DF /* Pods_WKDouYuZB.framework in Frameworks */ = {isa = PBXBuildFile; fileRef = 41646D87601CF3E395FDEE6A /* Pods_WKDouYuZB.framework */; };
/* End PBXBuildFile section */

/* Begin PBXFileReference section */
		03CC231FF5C84DD4894A2ECD /* Pods-WKDouYuZB.release.xcconfig */ = {isa = PBXFileReference; includeInIndex = 1; lastKnownFileType = text.xcconfig; name = "Pods-WKDouYuZB.release.xcconfig"; path = "Pods/Target Support Files/Pods-WKDouYuZB/Pods-WKDouYuZB.release.xcconfig"; sourceTree = "<group>"; };
		15D26F67E24B96B47A8AA6D1 /* Pods-WKDouYuZB.debug.xcconfig */ = {isa = PBXFileReference; includeInIndex = 1; lastKnownFileType = text.xcconfig; name = "Pods-WKDouYuZB.debug.xcconfig"; path = "Pods/Target Support Files/Pods-WKDouYuZB/Pods-WKDouYuZB.debug.xcconfig"; sourceTree = "<group>"; };
		41646D87601CF3E395FDEE6A /* Pods_WKDouYuZB.framework */ = {isa = PBXFileReference; explicitFileType = wrapper.framework; includeInIndex = 0; path = Pods_WKDouYuZB.framework; sourceTree = BUILT_PRODUCTS_DIR; };
		8321AAA71EC4B8F600242621 /* NetworkTools.swift */ = {isa = PBXFileReference; fileEncoding = 4; lastKnownFileType = sourcecode.swift; path = NetworkTools.swift; sourceTree = "<group>"; };
		8344718F1ED3CE990028C330 /* RecommendCycleView.swift */ = {isa = PBXFileReference; fileEncoding = 4; lastKnownFileType = sourcecode.swift; path = RecommendCycleView.swift; sourceTree = "<group>"; };
		834471911ED3CEC60028C330 /* RecommendCycleView.xib */ = {isa = PBXFileReference; fileEncoding = 4; lastKnownFileType = file.xib; path = RecommendCycleView.xib; sourceTree = "<group>"; };
		8349A7811EDAFE1400E9C4DB /* GameViewController.swift */ = {isa = PBXFileReference; fileEncoding = 4; lastKnownFileType = sourcecode.swift; path = GameViewController.swift; sourceTree = "<group>"; };
		8349A7821EDAFE1400E9C4DB /* GameViewController.xib */ = {isa = PBXFileReference; fileEncoding = 4; lastKnownFileType = file.xib; path = GameViewController.xib; sourceTree = "<group>"; };
		8356F86E1EC169E700C55163 /* WKDouYuZB.app */ = {isa = PBXFileReference; explicitFileType = wrapper.application; includeInIndex = 0; path = WKDouYuZB.app; sourceTree = BUILT_PRODUCTS_DIR; };
		8356F8781EC169E700C55163 /* Assets.xcassets */ = {isa = PBXFileReference; lastKnownFileType = folder.assetcatalog; path = Assets.xcassets; sourceTree = "<group>"; };
		8356F87B1EC169E700C55163 /* Base */ = {isa = PBXFileReference; lastKnownFileType = file.storyboard; name = Base; path = Base.lproj/LaunchScreen.storyboard; sourceTree = "<group>"; };
		8356F87D1EC169E700C55163 /* Info.plist */ = {isa = PBXFileReference; lastKnownFileType = text.plist.xml; path = Info.plist; sourceTree = "<group>"; };
		8356F8AB1EC192E100C55163 /* AppDelegate.swift */ = {isa = PBXFileReference; fileEncoding = 4; lastKnownFileType = sourcecode.swift; path = AppDelegate.swift; sourceTree = "<group>"; };
		8356F8B61EC199CD00C55163 /* Profile.storyboard */ = {isa = PBXFileReference; fileEncoding = 4; lastKnownFileType = file.storyboard; path = Profile.storyboard; sourceTree = "<group>"; };
		8356F8B81EC199E000C55163 /* Live.storyboard */ = {isa = PBXFileReference; fileEncoding = 4; lastKnownFileType = file.storyboard; path = Live.storyboard; sourceTree = "<group>"; };
		8356F8BC1EC199F500C55163 /* Follow.storyboard */ = {isa = PBXFileReference; fileEncoding = 4; lastKnownFileType = file.storyboard; path = Follow.storyboard; sourceTree = "<group>"; };
		8356F8C11EC1A70700C55163 /* Home.storyboard */ = {isa = PBXFileReference; fileEncoding = 4; lastKnownFileType = file.storyboard; path = Home.storyboard; sourceTree = "<group>"; };
		8356F8C61EC1A73000C55163 /* Main.storyboard */ = {isa = PBXFileReference; fileEncoding = 4; lastKnownFileType = file.storyboard; path = Main.storyboard; sourceTree = "<group>"; };
		8356F8C71EC1A73000C55163 /* MainViewController.swift */ = {isa = PBXFileReference; fileEncoding = 4; lastKnownFileType = sourcecode.swift; path = MainViewController.swift; sourceTree = "<group>"; };
		8356F8CC1EC1A7AA00C55163 /* HomeViewController.swift */ = {isa = PBXFileReference; fileEncoding = 4; lastKnownFileType = sourcecode.swift; path = HomeViewController.swift; sourceTree = "<group>"; };
		8356F8D11EC1B51700C55163 /* UIBarButtonItem-Extension.swift */ = {isa = PBXFileReference; fileEncoding = 4; lastKnownFileType = sourcecode.swift; path = "UIBarButtonItem-Extension.swift"; sourceTree = "<group>"; };
		83589C161EC35EE7003EB19A /* CollectionPrettyCell.swift */ = {isa = PBXFileReference; fileEncoding = 4; lastKnownFileType = sourcecode.swift; path = CollectionPrettyCell.swift; sourceTree = "<group>"; };
		83589C171EC35EE7003EB19A /* CollectionPrettyCell.xib */ = {isa = PBXFileReference; fileEncoding = 4; lastKnownFileType = file.xib; path = CollectionPrettyCell.xib; sourceTree = "<group>"; };
		835A484A1EDE6F1300D8B8A6 /* AmuseViewController.swift */ = {isa = PBXFileReference; fileEncoding = 4; lastKnownFileType = sourcecode.swift; path = AmuseViewController.swift; sourceTree = "<group>"; };
		835A484C1EDE745F00D8B8A6 /* AmuseViewModel.swift */ = {isa = PBXFileReference; fileEncoding = 4; lastKnownFileType = sourcecode.swift; path = AmuseViewModel.swift; sourceTree = "<group>"; };
		835A484F1EDE937900D8B8A6 /* BaseViewModel.swift */ = {isa = PBXFileReference; fileEncoding = 4; lastKnownFileType = sourcecode.swift; path = BaseViewModel.swift; sourceTree = "<group>"; };
		835A48511EDE96B200D8B8A6 /* BaseAnchorViewController.swift */ = {isa = PBXFileReference; fileEncoding = 4; lastKnownFileType = sourcecode.swift; path = BaseAnchorViewController.swift; sourceTree = "<group>"; };
		835A48531EDEA5AD00D8B8A6 /* AmuseMenuView.swift */ = {isa = PBXFileReference; fileEncoding = 4; lastKnownFileType = sourcecode.swift; path = AmuseMenuView.swift; sourceTree = "<group>"; };
		835A48551EDEA5C700D8B8A6 /* AmuseMenuView.xib */ = {isa = PBXFileReference; fileEncoding = 4; lastKnownFileType = file.xib; path = AmuseMenuView.xib; sourceTree = "<group>"; };
		835A48571EDEAF0400D8B8A6 /* AmuseMenuViewCell.swift */ = {isa = PBXFileReference; fileEncoding = 4; lastKnownFileType = sourcecode.swift; path = AmuseMenuViewCell.swift; sourceTree = "<group>"; };
		835A48581EDEAF0400D8B8A6 /* AmuseMenuViewCell.xib */ = {isa = PBXFileReference; fileEncoding = 4; lastKnownFileType = file.xib; path = AmuseMenuViewCell.xib; sourceTree = "<group>"; };
		835A485B1EDEBCB700D8B8A6 /* FunnyViewController.swift */ = {isa = PBXFileReference; fileEncoding = 4; lastKnownFileType = sourcecode.swift; path = FunnyViewController.swift; sourceTree = "<group>"; };
		835A485D1EDEC03E00D8B8A6 /* FunnyViewModel.swift */ = {isa = PBXFileReference; fileEncoding = 4; lastKnownFileType = sourcecode.swift; path = FunnyViewModel.swift; sourceTree = "<group>"; };
		837172821ED1D00A00A9F37A /* xuexibiji.swift */ = {isa = PBXFileReference; fileEncoding = 4; lastKnownFileType = sourcecode.swift; path = xuexibiji.swift; sourceTree = "<group>"; };
		837172851ED1D8D000A9F37A /* RecommendViewModel.swift */ = {isa = PBXFileReference; fileEncoding = 4; lastKnownFileType = sourcecode.swift; path = RecommendViewModel.swift; sourceTree = "<group>"; };
		837172871ED1DF0800A9F37A /* NSDate-Extension.swift */ = {isa = PBXFileReference; fileEncoding = 4; lastKnownFileType = sourcecode.swift; path = "NSDate-Extension.swift"; sourceTree = "<group>"; };
		837172891ED1E64900A9F37A /* AnchorGroup.swift */ = {isa = PBXFileReference; fileEncoding = 4; lastKnownFileType = sourcecode.swift; path = AnchorGroup.swift; sourceTree = "<group>"; };
		8371728B1ED1E90400A9F37A /* AnchorModel.swift */ = {isa = PBXFileReference; fileEncoding = 4; lastKnownFileType = sourcecode.swift; path = AnchorModel.swift; sourceTree = "<group>"; };
		837415131EDB07380086D6A9 /* GameViewModel.swift */ = {isa = PBXFileReference; fileEncoding = 4; lastKnownFileType = sourcecode.swift; path = GameViewModel.swift; sourceTree = "<group>"; };
		837415151EDB08F80086D6A9 /* GameModel.swift */ = {isa = PBXFileReference; fileEncoding = 4; lastKnownFileType = sourcecode.swift; path = GameModel.swift; sourceTree = "<group>"; };
		837415171EDB0A940086D6A9 /* BaseGameModel.swift */ = {isa = PBXFileReference; fileEncoding = 4; lastKnownFileType = sourcecode.swift; path = BaseGameModel.swift; sourceTree = "<group>"; };
		837EE65C1EC3095000775A5B /* RecommendViewController.swift */ = {isa = PBXFileReference; fileEncoding = 4; lastKnownFileType = sourcecode.swift; path = RecommendViewController.swift; sourceTree = "<group>"; };
		837EE65E1EC3182900775A5B /* CollectionHeaderView.swift */ = {isa = PBXFileReference; fileEncoding = 4; lastKnownFileType = sourcecode.swift; path = CollectionHeaderView.swift; sourceTree = "<group>"; };
		837EE65F1EC3182900775A5B /* CollectionHeaderView.xib */ = {isa = PBXFileReference; fileEncoding = 4; lastKnownFileType = file.xib; path = CollectionHeaderView.xib; sourceTree = "<group>"; };
		837EE6621EC31CD100775A5B /* CollectionViewNormalCell.swift */ = {isa = PBXFileReference; fileEncoding = 4; lastKnownFileType = sourcecode.swift; path = CollectionViewNormalCell.swift; sourceTree = "<group>"; };
		837EE6631EC31CD100775A5B /* CollectionViewNormalCell.xib */ = {isa = PBXFileReference; fileEncoding = 4; lastKnownFileType = file.xib; path = CollectionViewNormalCell.xib; sourceTree = "<group>"; };
		83A2804E1ED33D1500476A84 /* CollectionBaseCell.swift */ = {isa = PBXFileReference; fileEncoding = 4; lastKnownFileType = sourcecode.swift; path = CollectionBaseCell.swift; sourceTree = "<group>"; };
		83BA48CB1ED3E8BE009B7AB6 /* CycleModel.swift */ = {isa = PBXFileReference; fileEncoding = 4; lastKnownFileType = sourcecode.swift; path = CycleModel.swift; sourceTree = "<group>"; };
		83BA48CD1ED4121B009B7AB6 /* CollectionCycleCell.swift */ = {isa = PBXFileReference; fileEncoding = 4; lastKnownFileType = sourcecode.swift; path = CollectionCycleCell.swift; sourceTree = "<group>"; };
		83BA48CE1ED4121B009B7AB6 /* CollectionCycleCell.xib */ = {isa = PBXFileReference; fileEncoding = 4; lastKnownFileType = file.xib; path = CollectionCycleCell.xib; sourceTree = "<group>"; };
		83BA490D1ED427D0009B7AB6 /* RecommendGameView.swift */ = {isa = PBXFileReference; fileEncoding = 4; lastKnownFileType = sourcecode.swift; path = RecommendGameView.swift; sourceTree = "<group>"; };
		83BA490F1ED427E5009B7AB6 /* RecommendGameView.xib */ = {isa = PBXFileReference; fileEncoding = 4; lastKnownFileType = file.xib; path = RecommendGameView.xib; sourceTree = "<group>"; };
		83BA49111ED42D12009B7AB6 /* CollectionGameCell.swift */ = {isa = PBXFileReference; fileEncoding = 4; lastKnownFileType = sourcecode.swift; path = CollectionGameCell.swift; sourceTree = "<group>"; };
		83BA49121ED42D12009B7AB6 /* CollectionGameCell.xib */ = {isa = PBXFileReference; fileEncoding = 4; lastKnownFileType = file.xib; path = CollectionGameCell.xib; sourceTree = "<group>"; };
		83D1603A1EC1C054009D22DD /* PageTitleView.swift */ = {isa = PBXFileReference; fileEncoding = 4; lastKnownFileType = sourcecode.swift; path = PageTitleView.swift; sourceTree = "<group>"; };
		83D1603C1EC1C364009D22DD /* Common.swift */ = {isa = PBXFileReference; fileEncoding = 4; lastKnownFileType = sourcecode.swift; path = Common.swift; sourceTree = "<group>"; };
		83D1603E1EC1D178009D22DD /* PageContentView.swift */ = {isa = PBXFileReference; fileEncoding = 4; lastKnownFileType = sourcecode.swift; path = PageContentView.swift; sourceTree = "<group>"; };
		83D160401EC1D501009D22DD /* UIColor-Extension.swift */ = {isa = PBXFileReference; fileEncoding = 4; lastKnownFileType = sourcecode.swift; path = "UIColor-Extension.swift"; sourceTree = "<group>"; };
/* End PBXFileReference section */

/* Begin PBXFrameworksBuildPhase section */
		8356F86B1EC169E700C55163 /* Frameworks */ = {
			isa = PBXFrameworksBuildPhase;
			buildActionMask = 2147483647;
			files = (
				FC5E74D024BB61EC757C91DF /* Pods_WKDouYuZB.framework in Frameworks */,
			);
			runOnlyForDeploymentPostprocessing = 0;
		};
/* End PBXFrameworksBuildPhase section */

/* Begin PBXGroup section */
		3590E3E489C6C9442CA8636B /* Pods */ = {
			isa = PBXGroup;
			children = (
				15D26F67E24B96B47A8AA6D1 /* Pods-WKDouYuZB.debug.xcconfig */,
				03CC231FF5C84DD4894A2ECD /* Pods-WKDouYuZB.release.xcconfig */,
			);
			name = Pods;
			sourceTree = "<group>";
		};
		65B81EFF6E3C00B4F60592BA /* Frameworks */ = {
			isa = PBXGroup;
			children = (
				41646D87601CF3E395FDEE6A /* Pods_WKDouYuZB.framework */,
			);
			name = Frameworks;
			sourceTree = "<group>";
		};
		8356F8651EC169E700C55163 = {
			isa = PBXGroup;
			children = (
				8356F8701EC169E700C55163 /* WKDouYuZB */,
				8356F86F1EC169E700C55163 /* Products */,
				65B81EFF6E3C00B4F60592BA /* Frameworks */,
				3590E3E489C6C9442CA8636B /* Pods */,
			);
			sourceTree = "<group>";
		};
		8356F86F1EC169E700C55163 /* Products */ = {
			isa = PBXGroup;
			children = (
				8356F86E1EC169E700C55163 /* WKDouYuZB.app */,
			);
			name = Products;
			sourceTree = "<group>";
		};
		8356F8701EC169E700C55163 /* WKDouYuZB */ = {
			isa = PBXGroup;
			children = (
				8356F8AD1EC1936400C55163 /* Classes */,
				8356F8AB1EC192E100C55163 /* AppDelegate.swift */,
				8356F8781EC169E700C55163 /* Assets.xcassets */,
				8356F87A1EC169E700C55163 /* LaunchScreen.storyboard */,
				8356F87D1EC169E700C55163 /* Info.plist */,
				837172821ED1D00A00A9F37A /* xuexibiji.swift */,
			);
			path = WKDouYuZB;
			sourceTree = "<group>";
		};
		8356F8AD1EC1936400C55163 /* Classes */ = {
			isa = PBXGroup;
			children = (
				8356F8B11EC1936400C55163 /* Main */,
				8356F8AF1EC1936400C55163 /* Home */,
				8356F8AE1EC1936400C55163 /* Follow */,
				8356F8B01EC1936400C55163 /* Live */,
				8356F8B21EC1936400C55163 /* Profile */,
				8356F8B31EC1936400C55163 /* Tools */,
			);
			path = Classes;
			sourceTree = "<group>";
		};
		8356F8AE1EC1936400C55163 /* Follow */ = {
			isa = PBXGroup;
			children = (
				8356F8BC1EC199F500C55163 /* Follow.storyboard */,
			);
			path = Follow;
			sourceTree = "<group>";
		};
		8356F8AF1EC1936400C55163 /* Home */ = {
			isa = PBXGroup;
			children = (
				837172841ED1D8A600A9F37A /* ViewModel */,
				8356F8C21EC1A70700C55163 /* Model */,
				8356F8C31EC1A70700C55163 /* View */,
				8356F8C01EC1A70700C55163 /* Controller */,
			);
			path = Home;
			sourceTree = "<group>";
		};
		8356F8B01EC1936400C55163 /* Live */ = {
			isa = PBXGroup;
			children = (
				8356F8B81EC199E000C55163 /* Live.storyboard */,
			);
			path = Live;
			sourceTree = "<group>";
		};
		8356F8B11EC1936400C55163 /* Main */ = {
			isa = PBXGroup;
			children = (
				835A484E1EDE935700D8B8A6 /* ViewModel */,
				8356F8C81EC1A73000C55163 /* Model */,
				8356F8C91EC1A73000C55163 /* View */,
				8356F8C51EC1A73000C55163 /* Controller */,
			);
			path = Main;
			sourceTree = "<group>";
		};
		8356F8B21EC1936400C55163 /* Profile */ = {
			isa = PBXGroup;
			children = (
				8356F8B61EC199CD00C55163 /* Profile.storyboard */,
			);
			path = Profile;
			sourceTree = "<group>";
		};
		8356F8B31EC1936400C55163 /* Tools */ = {
			isa = PBXGroup;
			children = (
				8356F8CE1EC1B47700C55163 /* Extension */,
				83D1603C1EC1C364009D22DD /* Common.swift */,
				8321AAA71EC4B8F600242621 /* NetworkTools.swift */,
			);
			path = Tools;
			sourceTree = "<group>";
		};
		8356F8C01EC1A70700C55163 /* Controller */ = {
			isa = PBXGroup;
			children = (
				8356F8C11EC1A70700C55163 /* Home.storyboard */,
				8356F8CC1EC1A7AA00C55163 /* HomeViewController.swift */,
				837EE65C1EC3095000775A5B /* RecommendViewController.swift */,
				8349A7811EDAFE1400E9C4DB /* GameViewController.swift */,
				8349A7821EDAFE1400E9C4DB /* GameViewController.xib */,
				835A484A1EDE6F1300D8B8A6 /* AmuseViewController.swift */,
				835A485B1EDEBCB700D8B8A6 /* FunnyViewController.swift */,
			);
			path = Controller;
			sourceTree = "<group>";
		};
		8356F8C21EC1A70700C55163 /* Model */ = {
			isa = PBXGroup;
			children = (
				83BA48CB1ED3E8BE009B7AB6 /* CycleModel.swift */,
				837415151EDB08F80086D6A9 /* GameModel.swift */,
			);
			path = Model;
			sourceTree = "<group>";
		};
		8356F8C31EC1A70700C55163 /* View */ = {
			isa = PBXGroup;
			children = (
				837EE65E1EC3182900775A5B /* CollectionHeaderView.swift */,
				837EE65F1EC3182900775A5B /* CollectionHeaderView.xib */,
				8344718F1ED3CE990028C330 /* RecommendCycleView.swift */,
				834471911ED3CEC60028C330 /* RecommendCycleView.xib */,
				83BA48CD1ED4121B009B7AB6 /* CollectionCycleCell.swift */,
				83BA48CE1ED4121B009B7AB6 /* CollectionCycleCell.xib */,
				83BA490D1ED427D0009B7AB6 /* RecommendGameView.swift */,
				83BA490F1ED427E5009B7AB6 /* RecommendGameView.xib */,
				83BA49111ED42D12009B7AB6 /* CollectionGameCell.swift */,
				83BA49121ED42D12009B7AB6 /* CollectionGameCell.xib */,
				835A48531EDEA5AD00D8B8A6 /* AmuseMenuView.swift */,
				835A48551EDEA5C700D8B8A6 /* AmuseMenuView.xib */,
				835A48571EDEAF0400D8B8A6 /* AmuseMenuViewCell.swift */,
				835A48581EDEAF0400D8B8A6 /* AmuseMenuViewCell.xib */,
			);
			path = View;
			sourceTree = "<group>";
		};
		8356F8C51EC1A73000C55163 /* Controller */ = {
			isa = PBXGroup;
			children = (
				8356F8C61EC1A73000C55163 /* Main.storyboard */,
				8356F8C71EC1A73000C55163 /* MainViewController.swift */,
				835A48511EDE96B200D8B8A6 /* BaseAnchorViewController.swift */,
			);
			path = Controller;
			sourceTree = "<group>";
		};
		8356F8C81EC1A73000C55163 /* Model */ = {
			isa = PBXGroup;
			children = (
				837415171EDB0A940086D6A9 /* BaseGameModel.swift */,
				837172891ED1E64900A9F37A /* AnchorGroup.swift */,
				8371728B1ED1E90400A9F37A /* AnchorModel.swift */,
			);
			path = Model;
			sourceTree = "<group>";
		};
		8356F8C91EC1A73000C55163 /* View */ = {
			isa = PBXGroup;
			children = (
				83D1603A1EC1C054009D22DD /* PageTitleView.swift */,
				83D1603E1EC1D178009D22DD /* PageContentView.swift */,
				837EE6621EC31CD100775A5B /* CollectionViewNormalCell.swift */,
				837EE6631EC31CD100775A5B /* CollectionViewNormalCell.xib */,
				83589C161EC35EE7003EB19A /* CollectionPrettyCell.swift */,
				83589C171EC35EE7003EB19A /* CollectionPrettyCell.xib */,
				83A2804E1ED33D1500476A84 /* CollectionBaseCell.swift */,
			);
			path = View;
			sourceTree = "<group>";
		};
		8356F8CE1EC1B47700C55163 /* Extension */ = {
			isa = PBXGroup;
			children = (
				8356F8D11EC1B51700C55163 /* UIBarButtonItem-Extension.swift */,
				83D160401EC1D501009D22DD /* UIColor-Extension.swift */,
				837172871ED1DF0800A9F37A /* NSDate-Extension.swift */,
			);
			path = Extension;
			sourceTree = "<group>";
		};
		835A484E1EDE935700D8B8A6 /* ViewModel */ = {
			isa = PBXGroup;
			children = (
				835A484F1EDE937900D8B8A6 /* BaseViewModel.swift */,
			);
			path = ViewModel;
			sourceTree = "<group>";
		};
		837172841ED1D8A600A9F37A /* ViewModel */ = {
			isa = PBXGroup;
			children = (
				837172851ED1D8D000A9F37A /* RecommendViewModel.swift */,
				837415131EDB07380086D6A9 /* GameViewModel.swift */,
				835A484C1EDE745F00D8B8A6 /* AmuseViewModel.swift */,
				835A485D1EDEC03E00D8B8A6 /* FunnyViewModel.swift */,
			);
			path = ViewModel;
			sourceTree = "<group>";
		};
/* End PBXGroup section */

/* Begin PBXNativeTarget section */
		8356F86D1EC169E700C55163 /* WKDouYuZB */ = {
			isa = PBXNativeTarget;
			buildConfigurationList = 8356F8801EC169E700C55163 /* Build configuration list for PBXNativeTarget "WKDouYuZB" */;
			buildPhases = (
				D66DEAE7B55DFECCB1021FF9 /* [CP] Check Pods Manifest.lock */,
				8356F86A1EC169E700C55163 /* Sources */,
				8356F86B1EC169E700C55163 /* Frameworks */,
				8356F86C1EC169E700C55163 /* Resources */,
				053189F364AE74032F5DF082 /* [CP] Embed Pods Frameworks */,
				C6E2BBC108EC34007D376B1A /* [CP] Copy Pods Resources */,
			);
			buildRules = (
			);
			dependencies = (
			);
			name = WKDouYuZB;
			productName = WKDouYuZB;
			productReference = 8356F86E1EC169E700C55163 /* WKDouYuZB.app */;
			productType = "com.apple.product-type.application";
		};
/* End PBXNativeTarget section */

/* Begin PBXProject section */
		8356F8661EC169E700C55163 /* Project object */ = {
			isa = PBXProject;
			attributes = {
				LastSwiftUpdateCheck = 0820;
				LastUpgradeCheck = 0830;
				ORGANIZATIONNAME = wk;
				TargetAttributes = {
					8356F86D1EC169E700C55163 = {
						CreatedOnToolsVersion = 8.2.1;
						DevelopmentTeam = A28585LQM6;
						LastSwiftMigration = 0820;
						ProvisioningStyle = Automatic;
					};
				};
			};
			buildConfigurationList = 8356F8691EC169E700C55163 /* Build configuration list for PBXProject "WKDouYuZB" */;
			compatibilityVersion = "Xcode 3.2";
			developmentRegion = English;
			hasScannedForEncodings = 0;
			knownRegions = (
				en,
				Base,
			);
			mainGroup = 8356F8651EC169E700C55163;
			productRefGroup = 8356F86F1EC169E700C55163 /* Products */;
			projectDirPath = "";
			projectRoot = "";
			targets = (
				8356F86D1EC169E700C55163 /* WKDouYuZB */,
			);
		};
/* End PBXProject section */

/* Begin PBXResourcesBuildPhase section */
		8356F86C1EC169E700C55163 /* Resources */ = {
			isa = PBXResourcesBuildPhase;
			buildActionMask = 2147483647;
			files = (
				8356F8CA1EC1A73000C55163 /* Main.storyboard in Resources */,
				837EE6611EC3182900775A5B /* CollectionHeaderView.xib in Resources */,
				8356F8C41EC1A70700C55163 /* Home.storyboard in Resources */,
				8356F87C1EC169E700C55163 /* LaunchScreen.storyboard in Resources */,
				8356F8791EC169E700C55163 /* Assets.xcassets in Resources */,
				837EE6651EC31CD100775A5B /* CollectionViewNormalCell.xib in Resources */,
				8356F8B71EC199CD00C55163 /* Profile.storyboard in Resources */,
				83BA49141ED42D12009B7AB6 /* CollectionGameCell.xib in Resources */,
				834471921ED3CEC60028C330 /* RecommendCycleView.xib in Resources */,
				835A485A1EDEAF0400D8B8A6 /* AmuseMenuViewCell.xib in Resources */,
				83BA48D01ED4121B009B7AB6 /* CollectionCycleCell.xib in Resources */,
				83589C191EC35EE7003EB19A /* CollectionPrettyCell.xib in Resources */,
				8356F8BD1EC199F500C55163 /* Follow.storyboard in Resources */,
				83BA49101ED427E5009B7AB6 /* RecommendGameView.xib in Resources */,
				835A48561EDEA5C700D8B8A6 /* AmuseMenuView.xib in Resources */,
				8356F8B91EC199E000C55163 /* Live.storyboard in Resources */,
				8349A7841EDAFE1400E9C4DB /* GameViewController.xib in Resources */,
			);
			runOnlyForDeploymentPostprocessing = 0;
		};
/* End PBXResourcesBuildPhase section */

/* Begin PBXShellScriptBuildPhase section */
		053189F364AE74032F5DF082 /* [CP] Embed Pods Frameworks */ = {
			isa = PBXShellScriptBuildPhase;
			buildActionMask = 2147483647;
			files = (
			);
			inputPaths = (
			);
			name = "[CP] Embed Pods Frameworks";
			outputPaths = (
			);
			runOnlyForDeploymentPostprocessing = 0;
			shellPath = /bin/sh;
			shellScript = "\"${SRCROOT}/Pods/Target Support Files/Pods-WKDouYuZB/Pods-WKDouYuZB-frameworks.sh\"\n";
			showEnvVarsInLog = 0;
		};
		C6E2BBC108EC34007D376B1A /* [CP] Copy Pods Resources */ = {
			isa = PBXShellScriptBuildPhase;
			buildActionMask = 2147483647;
			files = (
			);
			inputPaths = (
			);
			name = "[CP] Copy Pods Resources";
			outputPaths = (
			);
			runOnlyForDeploymentPostprocessing = 0;
			shellPath = /bin/sh;
			shellScript = "\"${SRCROOT}/Pods/Target Support Files/Pods-WKDouYuZB/Pods-WKDouYuZB-resources.sh\"\n";
			showEnvVarsInLog = 0;
		};
		D66DEAE7B55DFECCB1021FF9 /* [CP] Check Pods Manifest.lock */ = {
			isa = PBXShellScriptBuildPhase;
			buildActionMask = 2147483647;
			files = (
			);
			inputPaths = (
			);
			name = "[CP] Check Pods Manifest.lock";
			outputPaths = (
			);
			runOnlyForDeploymentPostprocessing = 0;
			shellPath = /bin/sh;
			shellScript = "diff \"${PODS_ROOT}/../Podfile.lock\" \"${PODS_ROOT}/Manifest.lock\" > /dev/null\nif [[ $? != 0 ]] ; then\n    cat << EOM\nerror: The sandbox is not in sync with the Podfile.lock. Run 'pod install' or update your CocoaPods installation.\nEOM\n    exit 1\nfi\n";
			showEnvVarsInLog = 0;
		};
/* End PBXShellScriptBuildPhase section */

/* Begin PBXSourcesBuildPhase section */
		8356F86A1EC169E700C55163 /* Sources */ = {
			isa = PBXSourcesBuildPhase;
			buildActionMask = 2147483647;
			files = (
				8356F8AC1EC192E100C55163 /* AppDelegate.swift in Sources */,
				835A48591EDEAF0400D8B8A6 /* AmuseMenuViewCell.swift in Sources */,
				837EE6601EC3182900775A5B /* CollectionHeaderView.swift in Sources */,
				835A485C1EDEBCB700D8B8A6 /* FunnyViewController.swift in Sources */,
				83D160411EC1D501009D22DD /* UIColor-Extension.swift in Sources */,
				837EE65D1EC3095000775A5B /* RecommendViewController.swift in Sources */,
				837415181EDB0A940086D6A9 /* BaseGameModel.swift in Sources */,
				83BA490E1ED427D0009B7AB6 /* RecommendGameView.swift in Sources */,
				8349A7831EDAFE1400E9C4DB /* GameViewController.swift in Sources */,
				837415141EDB07380086D6A9 /* GameViewModel.swift in Sources */,
				8356F8CB1EC1A73000C55163 /* MainViewController.swift in Sources */,
				837EE6641EC31CD100775A5B /* CollectionViewNormalCell.swift in Sources */,
				83BA48CC1ED3E8BE009B7AB6 /* CycleModel.swift in Sources */,
				83D1603B1EC1C054009D22DD /* PageTitleView.swift in Sources */,
				835A484B1EDE6F1300D8B8A6 /* AmuseViewController.swift in Sources */,
				835A48501EDE937900D8B8A6 /* BaseViewModel.swift in Sources */,
				835A48521EDE96B200D8B8A6 /* BaseAnchorViewController.swift in Sources */,
				83D1603F1EC1D178009D22DD /* PageContentView.swift in Sources */,
				8356F8D21EC1B51700C55163 /* UIBarButtonItem-Extension.swift in Sources */,
				8371728A1ED1E64900A9F37A /* AnchorGroup.swift in Sources */,
				835A484D1EDE745F00D8B8A6 /* AmuseViewModel.swift in Sources */,
				837172831ED1D00A00A9F37A /* xuexibiji.swift in Sources */,
				837172881ED1DF0800A9F37A /* NSDate-Extension.swift in Sources */,
				83A2804F1ED33D1500476A84 /* CollectionBaseCell.swift in Sources */,
				83589C181EC35EE7003EB19A /* CollectionPrettyCell.swift in Sources */,
				83D1603D1EC1C364009D22DD /* Common.swift in Sources */,
				83BA49131ED42D12009B7AB6 /* CollectionGameCell.swift in Sources */,
				837415161EDB08F80086D6A9 /* GameModel.swift in Sources */,
				835A48541EDEA5AD00D8B8A6 /* AmuseMenuView.swift in Sources */,
				8321AAA81EC4B8F600242621 /* NetworkTools.swift in Sources */,
				834471901ED3CE990028C330 /* RecommendCycleView.swift in Sources */,
				835A485E1EDEC03E00D8B8A6 /* FunnyViewModel.swift in Sources */,
				837172861ED1D8D000A9F37A /* RecommendViewModel.swift in Sources */,
				8371728C1ED1E90400A9F37A /* AnchorModel.swift in Sources */,
				83BA48CF1ED4121B009B7AB6 /* CollectionCycleCell.swift in Sources */,
				8356F8CD1EC1A7AA00C55163 /* HomeViewController.swift in Sources */,
			);
			runOnlyForDeploymentPostprocessing = 0;
		};
/* End PBXSourcesBuildPhase section */

/* Begin PBXVariantGroup section */
		8356F87A1EC169E700C55163 /* LaunchScreen.storyboard */ = {
			isa = PBXVariantGroup;
			children = (
				8356F87B1EC169E700C55163 /* Base */,
			);
			name = LaunchScreen.storyboard;
			sourceTree = "<group>";
		};
/* End PBXVariantGroup section */

/* Begin XCBuildConfiguration section */
		8356F87E1EC169E700C55163 /* Debug */ = {
			isa = XCBuildConfiguration;
			buildSettings = {
				ALWAYS_SEARCH_USER_PATHS = NO;
				CLANG_ANALYZER_NONNULL = YES;
				CLANG_CXX_LANGUAGE_STANDARD = "gnu++0x";
				CLANG_CXX_LIBRARY = "libc++";
				CLANG_ENABLE_MODULES = YES;
				CLANG_ENABLE_OBJC_ARC = YES;
				CLANG_WARN_BOOL_CONVERSION = YES;
				CLANG_WARN_CONSTANT_CONVERSION = YES;
				CLANG_WARN_DIRECT_OBJC_ISA_USAGE = YES_ERROR;
				CLANG_WARN_DOCUMENTATION_COMMENTS = YES;
				CLANG_WARN_EMPTY_BODY = YES;
				CLANG_WARN_ENUM_CONVERSION = YES;
				CLANG_WARN_INFINITE_RECURSION = YES;
				CLANG_WARN_INT_CONVERSION = YES;
				CLANG_WARN_OBJC_ROOT_CLASS = YES_ERROR;
				CLANG_WARN_SUSPICIOUS_MOVE = YES;
				CLANG_WARN_UNREACHABLE_CODE = YES;
				CLANG_WARN__DUPLICATE_METHOD_MATCH = YES;
				"CODE_SIGN_IDENTITY[sdk=iphoneos*]" = "iPhone Developer";
				COPY_PHASE_STRIP = NO;
				DEBUG_INFORMATION_FORMAT = dwarf;
				ENABLE_STRICT_OBJC_MSGSEND = YES;
				ENABLE_TESTABILITY = YES;
				GCC_C_LANGUAGE_STANDARD = gnu99;
				GCC_DYNAMIC_NO_PIC = NO;
				GCC_NO_COMMON_BLOCKS = YES;
				GCC_OPTIMIZATION_LEVEL = 0;
				GCC_PREPROCESSOR_DEFINITIONS = (
					"DEBUG=1",
					"$(inherited)",
				);
				GCC_WARN_64_TO_32_BIT_CONVERSION = YES;
				GCC_WARN_ABOUT_RETURN_TYPE = YES_ERROR;
				GCC_WARN_UNDECLARED_SELECTOR = YES;
				GCC_WARN_UNINITIALIZED_AUTOS = YES_AGGRESSIVE;
				GCC_WARN_UNUSED_FUNCTION = YES;
				GCC_WARN_UNUSED_VARIABLE = YES;
				IPHONEOS_DEPLOYMENT_TARGET = 10.2;
				MTL_ENABLE_DEBUG_INFO = YES;
				ONLY_ACTIVE_ARCH = YES;
				SDKROOT = iphoneos;
				SWIFT_ACTIVE_COMPILATION_CONDITIONS = DEBUG;
				SWIFT_OPTIMIZATION_LEVEL = "-Onone";
			};
			name = Debug;
		};
		8356F87F1EC169E700C55163 /* Release */ = {
			isa = XCBuildConfiguration;
			buildSettings = {
				ALWAYS_SEARCH_USER_PATHS = NO;
				CLANG_ANALYZER_NONNULL = YES;
				CLANG_CXX_LANGUAGE_STANDARD = "gnu++0x";
				CLANG_CXX_LIBRARY = "libc++";
				CLANG_ENABLE_MODULES = YES;
				CLANG_ENABLE_OBJC_ARC = YES;
				CLANG_WARN_BOOL_CONVERSION = YES;
				CLANG_WARN_CONSTANT_CONVERSION = YES;
				CLANG_WARN_DIRECT_OBJC_ISA_USAGE = YES_ERROR;
				CLANG_WARN_DOCUMENTATION_COMMENTS = YES;
				CLANG_WARN_EMPTY_BODY = YES;
				CLANG_WARN_ENUM_CONVERSION = YES;
				CLANG_WARN_INFINITE_RECURSION = YES;
				CLANG_WARN_INT_CONVERSION = YES;
				CLANG_WARN_OBJC_ROOT_CLASS = YES_ERROR;
				CLANG_WARN_SUSPICIOUS_MOVE = YES;
				CLANG_WARN_UNREACHABLE_CODE = YES;
				CLANG_WARN__DUPLICATE_METHOD_MATCH = YES;
				"CODE_SIGN_IDENTITY[sdk=iphoneos*]" = "iPhone Developer";
				COPY_PHASE_STRIP = NO;
				DEBUG_INFORMATION_FORMAT = "dwarf-with-dsym";
				ENABLE_NS_ASSERTIONS = NO;
				ENABLE_STRICT_OBJC_MSGSEND = YES;
				GCC_C_LANGUAGE_STANDARD = gnu99;
				GCC_NO_COMMON_BLOCKS = YES;
				GCC_WARN_64_TO_32_BIT_CONVERSION = YES;
				GCC_WARN_ABOUT_RETURN_TYPE = YES_ERROR;
				GCC_WARN_UNDECLARED_SELECTOR = YES;
				GCC_WARN_UNINITIALIZED_AUTOS = YES_AGGRESSIVE;
				GCC_WARN_UNUSED_FUNCTION = YES;
				GCC_WARN_UNUSED_VARIABLE = YES;
				IPHONEOS_DEPLOYMENT_TARGET = 10.2;
				MTL_ENABLE_DEBUG_INFO = NO;
				SDKROOT = iphoneos;
				SWIFT_OPTIMIZATION_LEVEL = "-Owholemodule";
				VALIDATE_PRODUCT = YES;
			};
			name = Release;
		};
		8356F8811EC169E700C55163 /* Debug */ = {
			isa = XCBuildConfiguration;
			baseConfigurationReference = 15D26F67E24B96B47A8AA6D1 /* Pods-WKDouYuZB.debug.xcconfig */;
			buildSettings = {
				ALWAYS_EMBED_SWIFT_STANDARD_LIBRARIES = YES;
				ASSETCATALOG_COMPILER_APPICON_NAME = AppIcon;
				ASSETCATALOG_COMPILER_LAUNCHIMAGE_NAME = LaunchImage;
				CLANG_ENABLE_MODULES = YES;
				"CODE_SIGN_IDENTITY[sdk=iphoneos*]" = "iPhone Developer";
				DEVELOPMENT_TEAM = A28585LQM6;
				INFOPLIST_FILE = WKDouYuZB/Info.plist;
				IPHONEOS_DEPLOYMENT_TARGET = 8.0;
				LD_RUNPATH_SEARCH_PATHS = "$(inherited) @executable_path/Frameworks";
				PRODUCT_BUNDLE_IDENTIFIER = cn.wk.WKDouYuZB;
				PRODUCT_NAME = "$(TARGET_NAME)";
				PROVISIONING_PROFILE_SPECIFIER = "";
				SWIFT_OBJC_BRIDGING_HEADER = "";
				SWIFT_OPTIMIZATION_LEVEL = "-Onone";
				SWIFT_VERSION = 3.0;
			};
			name = Debug;
		};
		8356F8821EC169E700C55163 /* Release */ = {
			isa = XCBuildConfiguration;
			baseConfigurationReference = 03CC231FF5C84DD4894A2ECD /* Pods-WKDouYuZB.release.xcconfig */;
			buildSettings = {
				ALWAYS_EMBED_SWIFT_STANDARD_LIBRARIES = YES;
				ASSETCATALOG_COMPILER_APPICON_NAME = AppIcon;
				ASSETCATALOG_COMPILER_LAUNCHIMAGE_NAME = LaunchImage;
				CLANG_ENABLE_MODULES = YES;
				"CODE_SIGN_IDENTITY[sdk=iphoneos*]" = "iPhone Developer";
				DEVELOPMENT_TEAM = A28585LQM6;
				INFOPLIST_FILE = WKDouYuZB/Info.plist;
				IPHONEOS_DEPLOYMENT_TARGET = 8.0;
				LD_RUNPATH_SEARCH_PATHS = "$(inherited) @executable_path/Frameworks";
				PRODUCT_BUNDLE_IDENTIFIER = cn.wk.WKDouYuZB;
				PRODUCT_NAME = "$(TARGET_NAME)";
				PROVISIONING_PROFILE_SPECIFIER = "";
				SWIFT_OBJC_BRIDGING_HEADER = "";
				SWIFT_VERSION = 3.0;
			};
			name = Release;
		};
/* End XCBuildConfiguration section */

/* Begin XCConfigurationList section */
		8356F8691EC169E700C55163 /* Build configuration list for PBXProject "WKDouYuZB" */ = {
			isa = XCConfigurationList;
			buildConfigurations = (
				8356F87E1EC169E700C55163 /* Debug */,
				8356F87F1EC169E700C55163 /* Release */,
			);
			defaultConfigurationIsVisible = 0;
			defaultConfigurationName = Release;
		};
		8356F8801EC169E700C55163 /* Build configuration list for PBXNativeTarget "WKDouYuZB" */ = {
			isa = XCConfigurationList;
			buildConfigurations = (
				8356F8811EC169E700C55163 /* Debug */,
				8356F8821EC169E700C55163 /* Release */,
			);
			defaultConfigurationIsVisible = 0;
			defaultConfigurationName = Release;
		};
/* End XCConfigurationList section */
	};
	rootObject = 8356F8661EC169E700C55163 /* Project object */;
}
