PODS:
  - Alamofire (4.4.0)
  - Kingfisher (3.5.2)

DEPENDENCIES:
  - Alamofire (~> 4.4.0)
  - Kingfisher (~> 3.5.2)

SPEC CHECKSUMS:
  Alamofire: dc44b1600b800eb63da6a19039a0083d62a6a62d
  Kingfisher: 9950e382c500b6834ce004c7c4131c444e90c3a1

PODFILE CHECKSUM: 0adcb0668cf32d25cbf83b4ef98c845af44981cd

COCOAPODS: 1.0.1
